
Microsoft Visual Studio Solution File, Format Version 12.00
# Visual Studio Version 16
VisualStudioVersion = 16.0.30204.135
MinimumVisualStudioVersion = 10.0.40219.1
Project("{FAE04EC0-301F-11D3-BF4B-00C04F79EFBC}") = "Informatical", "Informatical.csproj", "{E824EF69-8394-45E7-886D-11C26EE134EC}"
EndProject
Global
	GlobalSection(SolutionConfigurationPlatforms) = preSolution
		Debug|Any CPU = Debug|Any CPU
		Release|Any CPU = Release|Any CPU
	EndGlobalSection
	GlobalSection(ProjectConfigurationPlatforms) = postSolution
		{E824EF69-8394-45E7-886D-11C26EE134EC}.Debug|Any CPU.ActiveCfg = Debug|Any CPU
		{E824EF69-8394-45E7-886D-11C26EE134EC}.Debug|Any CPU.Build.0 = Debug|Any CPU
		{E824EF69-8394-45E7-886D-11C26EE134EC}.Release|Any CPU.ActiveCfg = Release|Any CPU
		{E824EF69-8394-45E7-886D-11C26EE134EC}.Release|Any CPU.Build.0 = Release|Any CPU
	EndGlobalSection
	GlobalSection(SolutionProperties) = preSolution
		HideSolutionNode = FALSE
	EndGlobalSection
	GlobalSection(ExtensibilityGlobals) = postSolution
		SolutionGuid = {15EB5A40-8F4D-433C-9A5F-D3B5436C2C5B}
	EndGlobalSection
EndGlobal
